
Microsoft Visual Studio Solution File, Format Version 11.00
# Visual Studio 2010
Project("{FAE04EC0-301F-11D3-BF4B-00C04F79EFBC}") = "Assembly-CSharp-firstpass", "Assembly-CSharp-firstpass.csproj", "{58f4cfe8-563d-a9ac-7255-14c032e242e9}"
EndProject
Project("{FAE04EC0-301F-11D3-BF4B-00C04F79EFBC}") = "Assembly-CSharp-Editor-firstpass", "Assembly-CSharp-Editor-firstpass.csproj", "{316a81f1-cf7b-470a-242d-ad4bfd444fe4}"
EndProject
Project("{FAE04EC0-301F-11D3-BF4B-00C04F79EFBC}") = "Assembly-CSharp", "Assembly-CSharp.csproj", "{cbd90a5d-359c-e3f7-7627-ec9bd4f45a4f}"
EndProject
Global
	GlobalSection(SolutionConfigurationPlatforms) = preSolution
		Debug|Any CPU = Debug|Any CPU
	EndGlobalSection
	GlobalSection(ProjectConfigurationPlatforms) = postSolution
		{58f4cfe8-563d-a9ac-7255-14c032e242e9}.Debug|Any CPU.ActiveCfg = Debug|Any CPU
		{58f4cfe8-563d-a9ac-7255-14c032e242e9}.Debug|Any CPU.Build.0 = Debug|Any CPU
		{316a81f1-cf7b-470a-242d-ad4bfd444fe4}.Debug|Any CPU.ActiveCfg = Debug|Any CPU
		{316a81f1-cf7b-470a-242d-ad4bfd444fe4}.Debug|Any CPU.Build.0 = Debug|Any CPU
		{cbd90a5d-359c-e3f7-7627-ec9bd4f45a4f}.Debug|Any CPU.ActiveCfg = Debug|Any CPU
		{cbd90a5d-359c-e3f7-7627-ec9bd4f45a4f}.Debug|Any CPU.Build.0 = Debug|Any CPU
	EndGlobalSection
	GlobalSection(SolutionProperties) = preSolution
		HideSolutionNode = FALSE
	EndGlobalSection
EndGlobal
